{
  "nodes": {
    "flake-utils": {
      "inputs": {
        "systems": "systems"
      },
      "locked": {
        "lastModified": 1705309234,
        "narHash": "sha256-uNRRNRKmJyCRC/8y1RqBkqWBLM034y4qN7EprSdmgyA=",
        "owner": "numtide",
        "repo": "flake-utils",
        "rev": "1ef2e671c3b0c19053962c07dbda38332dcebf26",
        "type": "github"
      },
      "original": {
        "owner": "numtide",
        "repo": "flake-utils",
        "type": "github"
      }
    },
    "golines": {
      "flake": false,
      "locked": {
        "lastModified": 1705956965,
        "narHash": "sha256-D0gI9BA0vgM1DBqwolNTfPsTCWuOGrcu5gAVFEdyVGg=",
        "owner": "segmentio",
        "repo": "golines",
        "rev": "8c46088b68194b24f8ffd27ad7c6f891a32c867c",
        "type": "github"
      },
      "original": {
        "owner": "segmentio",
        "ref": "v0.12.2",
        "repo": "golines",
        "type": "github"
      }
    },
    "nixpkgs": {
      "locked": {
        "lastModified": 1707489455,
        "narHash": "sha256-sJX0w+KrCF6azRY1Jdc5im1jRchNJfFhWgWofL4PQas=",
        "owner": "nixos",
        "repo": "nixpkgs",
        "rev": "e385b36a323c434942a2e82da1ba208e63892c8e",
        "type": "github"
      },
      "original": {
        "owner": "nixos",
        "repo": "nixpkgs",
        "type": "github"
      }
    },
    "root": {
      "inputs": {
        "flake-utils": "flake-utils",
        "golines": "golines",
        "nixpkgs": "nixpkgs"
      }
    },
    "systems": {
      "locked": {
        "lastModified": 1681028828,
        "narHash": "sha256-Vy1rq5AaRuLzOxct8nz4T6wlgyUR7zLU309k9mBC768=",
        "owner": "nix-systems",
        "repo": "default",
        "rev": "da67096a3b9bf56a91d16901293e51ba5b49a27e",
        "type": "github"
      },
      "original": {
        "owner": "nix-systems",
        "repo": "default",
        "type": "github"
      }
    }
  },
  "root": "root",
  "version": 7
}
